// !$*UTF8*$!
{
	archiveVersion = 1;
	classes = {
	};
	objectVersion = 48;
	objects = {

/* Begin PBXBuildFile section */
		193F3FD3D4C7C85C08FE7AAD /* Pods_NewWords.framework in Frameworks */ = {isa = PBXBuildFile; fileRef = 9290DCEBD1F14908FBAE45B7 /* Pods_NewWords.framework */; };
		F3AB75382EFD90A3FE105E37 /* Pods_NewWordsTests.framework in Frameworks */ = {isa = PBXBuildFile; fileRef = 6A0B42304EDA0D133BF889D0 /* Pods_NewWordsTests.framework */; };
		FF274A5C2027175200B3E0B2 /* AppDelegate.swift in Sources */ = {isa = PBXBuildFile; fileRef = FF274A5B2027175200B3E0B2 /* AppDelegate.swift */; };
		FF274A5E2027175200B3E0B2 /* NewWordViewController.swift in Sources */ = {isa = PBXBuildFile; fileRef = FF274A5D2027175200B3E0B2 /* NewWordViewController.swift */; };
		FF274A612027175200B3E0B2 /* Main.storyboard in Resources */ = {isa = PBXBuildFile; fileRef = FF274A5F2027175200B3E0B2 /* Main.storyboard */; };
		FF274A632027175200B3E0B2 /* Assets.xcassets in Resources */ = {isa = PBXBuildFile; fileRef = FF274A622027175200B3E0B2 /* Assets.xcassets */; };
		FF274A662027175200B3E0B2 /* LaunchScreen.storyboard in Resources */ = {isa = PBXBuildFile; fileRef = FF274A642027175200B3E0B2 /* LaunchScreen.storyboard */; };
		FF274A712027175200B3E0B2 /* NewWordsTests.swift in Sources */ = {isa = PBXBuildFile; fileRef = FF274A702027175200B3E0B2 /* NewWordsTests.swift */; };
		FF274A7C2027723300B3E0B2 /* NewWord.swift in Sources */ = {isa = PBXBuildFile; fileRef = FF274A7B2027723300B3E0B2 /* NewWord.swift */; };
		FF274A802027802A00B3E0B2 /* NewWordTableViewController.swift in Sources */ = {isa = PBXBuildFile; fileRef = FF274A7F2027802A00B3E0B2 /* NewWordTableViewController.swift */; };
		FF7F4267203E09EB00A82BEA /* WordTableViewCell.swift in Sources */ = {isa = PBXBuildFile; fileRef = FF7F4266203E09EB00A82BEA /* WordTableViewCell.swift */; };
/* End PBXBuildFile section */

/* Begin PBXContainerItemProxy section */
		FF274A6D2027175200B3E0B2 /* PBXContainerItemProxy */ = {
			isa = PBXContainerItemProxy;
			containerPortal = FF274A502027175200B3E0B2 /* Project object */;
			proxyType = 1;
			remoteGlobalIDString = FF274A572027175200B3E0B2;
			remoteInfo = NewWords;
		};
/* End PBXContainerItemProxy section */

/* Begin PBXFileReference section */
		6A0B42304EDA0D133BF889D0 /* Pods_NewWordsTests.framework */ = {isa = PBXFileReference; explicitFileType = wrapper.framework; includeInIndex = 0; path = Pods_NewWordsTests.framework; sourceTree = BUILT_PRODUCTS_DIR; };
		861CD4EFCC055CC1066ABF49 /* Pods-NewWordsTests.debug.xcconfig */ = {isa = PBXFileReference; includeInIndex = 1; lastKnownFileType = text.xcconfig; name = "Pods-NewWordsTests.debug.xcconfig"; path = "Pods/Target Support Files/Pods-NewWordsTests/Pods-NewWordsTests.debug.xcconfig"; sourceTree = "<group>"; };
		8A1839C3B7480C1F9703858E /* Pods-NewWords.debug.xcconfig */ = {isa = PBXFileReference; includeInIndex = 1; lastKnownFileType = text.xcconfig; name = "Pods-NewWords.debug.xcconfig"; path = "Pods/Target Support Files/Pods-NewWords/Pods-NewWords.debug.xcconfig"; sourceTree = "<group>"; };
		8A92ED9EE205F5B98366E8EA /* Pods-NewWordsTests.release.xcconfig */ = {isa = PBXFileReference; includeInIndex = 1; lastKnownFileType = text.xcconfig; name = "Pods-NewWordsTests.release.xcconfig"; path = "Pods/Target Support Files/Pods-NewWordsTests/Pods-NewWordsTests.release.xcconfig"; sourceTree = "<group>"; };
		9290DCEBD1F14908FBAE45B7 /* Pods_NewWords.framework */ = {isa = PBXFileReference; explicitFileType = wrapper.framework; includeInIndex = 0; path = Pods_NewWords.framework; sourceTree = BUILT_PRODUCTS_DIR; };
		94EC608545B20508ACC11AB6 /* Pods-NewWords.release.xcconfig */ = {isa = PBXFileReference; includeInIndex = 1; lastKnownFileType = text.xcconfig; name = "Pods-NewWords.release.xcconfig"; path = "Pods/Target Support Files/Pods-NewWords/Pods-NewWords.release.xcconfig"; sourceTree = "<group>"; };
		FF274A582027175200B3E0B2 /* NewWords.app */ = {isa = PBXFileReference; explicitFileType = wrapper.application; includeInIndex = 0; path = NewWords.app; sourceTree = BUILT_PRODUCTS_DIR; };
		FF274A5B2027175200B3E0B2 /* AppDelegate.swift */ = {isa = PBXFileReference; lastKnownFileType = sourcecode.swift; path = AppDelegate.swift; sourceTree = "<group>"; };
		FF274A5D2027175200B3E0B2 /* NewWordViewController.swift */ = {isa = PBXFileReference; lastKnownFileType = sourcecode.swift; path = NewWordViewController.swift; sourceTree = "<group>"; };
		FF274A602027175200B3E0B2 /* Base */ = {isa = PBXFileReference; lastKnownFileType = file.storyboard; name = Base; path = Base.lproj/Main.storyboard; sourceTree = "<group>"; };
		FF274A622027175200B3E0B2 /* Assets.xcassets */ = {isa = PBXFileReference; lastKnownFileType = folder.assetcatalog; path = Assets.xcassets; sourceTree = "<group>"; };
		FF274A652027175200B3E0B2 /* Base */ = {isa = PBXFileReference; lastKnownFileType = file.storyboard; name = Base; path = Base.lproj/LaunchScreen.storyboard; sourceTree = "<group>"; };
		FF274A672027175200B3E0B2 /* Info.plist */ = {isa = PBXFileReference; lastKnownFileType = text.plist.xml; path = Info.plist; sourceTree = "<group>"; };
		FF274A6C2027175200B3E0B2 /* NewWordsTests.xctest */ = {isa = PBXFileReference; explicitFileType = wrapper.cfbundle; includeInIndex = 0; path = NewWordsTests.xctest; sourceTree = BUILT_PRODUCTS_DIR; };
		FF274A702027175200B3E0B2 /* NewWordsTests.swift */ = {isa = PBXFileReference; lastKnownFileType = sourcecode.swift; path = NewWordsTests.swift; sourceTree = "<group>"; };
		FF274A722027175200B3E0B2 /* Info.plist */ = {isa = PBXFileReference; lastKnownFileType = text.plist.xml; path = Info.plist; sourceTree = "<group>"; };
		FF274A7B2027723300B3E0B2 /* NewWord.swift */ = {isa = PBXFileReference; lastKnownFileType = sourcecode.swift; path = NewWord.swift; sourceTree = "<group>"; };
		FF274A7F2027802A00B3E0B2 /* NewWordTableViewController.swift */ = {isa = PBXFileReference; lastKnownFileType = sourcecode.swift; path = NewWordTableViewController.swift; sourceTree = "<group>"; };
		FF7F4266203E09EB00A82BEA /* WordTableViewCell.swift */ = {isa = PBXFileReference; lastKnownFileType = sourcecode.swift; path = WordTableViewCell.swift; sourceTree = "<group>"; };
/* End PBXFileReference section */

/* Begin PBXFrameworksBuildPhase section */
		FF274A552027175200B3E0B2 /* Frameworks */ = {
			isa = PBXFrameworksBuildPhase;
			buildActionMask = 2147483647;
			files = (
				193F3FD3D4C7C85C08FE7AAD /* Pods_NewWords.framework in Frameworks */,
			);
			runOnlyForDeploymentPostprocessing = 0;
		};
		FF274A692027175200B3E0B2 /* Frameworks */ = {
			isa = PBXFrameworksBuildPhase;
			buildActionMask = 2147483647;
			files = (
				F3AB75382EFD90A3FE105E37 /* Pods_NewWordsTests.framework in Frameworks */,
			);
			runOnlyForDeploymentPostprocessing = 0;
		};
/* End PBXFrameworksBuildPhase section */

/* Begin PBXGroup section */
		6752849182350AD1B1501827 /* Frameworks */ = {
			isa = PBXGroup;
			children = (
				9290DCEBD1F14908FBAE45B7 /* Pods_NewWords.framework */,
				6A0B42304EDA0D133BF889D0 /* Pods_NewWordsTests.framework */,
			);
			name = Frameworks;
			sourceTree = "<group>";
		};
		BCA0013660E53A1AC74A7F42 /* Pods */ = {
			isa = PBXGroup;
			children = (
				8A1839C3B7480C1F9703858E /* Pods-NewWords.debug.xcconfig */,
				94EC608545B20508ACC11AB6 /* Pods-NewWords.release.xcconfig */,
				861CD4EFCC055CC1066ABF49 /* Pods-NewWordsTests.debug.xcconfig */,
				8A92ED9EE205F5B98366E8EA /* Pods-NewWordsTests.release.xcconfig */,
			);
			name = Pods;
			sourceTree = "<group>";
		};
		FF274A4F2027175200B3E0B2 = {
			isa = PBXGroup;
			children = (
				FF274A5A2027175200B3E0B2 /* NewWords */,
				FF274A6F2027175200B3E0B2 /* NewWordsTests */,
				FF274A592027175200B3E0B2 /* Products */,
				BCA0013660E53A1AC74A7F42 /* Pods */,
				6752849182350AD1B1501827 /* Frameworks */,
			);
			sourceTree = "<group>";
		};
		FF274A592027175200B3E0B2 /* Products */ = {
			isa = PBXGroup;
			children = (
				FF274A582027175200B3E0B2 /* NewWords.app */,
				FF274A6C2027175200B3E0B2 /* NewWordsTests.xctest */,
			);
			name = Products;
			sourceTree = "<group>";
		};
		FF274A5A2027175200B3E0B2 /* NewWords */ = {
			isa = PBXGroup;
			children = (
				FF274A5B2027175200B3E0B2 /* AppDelegate.swift */,
				FF274A5D2027175200B3E0B2 /* NewWordViewController.swift */,
				FF274A5F2027175200B3E0B2 /* Main.storyboard */,
				FF7F4266203E09EB00A82BEA /* WordTableViewCell.swift */,
				FF274A7F2027802A00B3E0B2 /* NewWordTableViewController.swift */,
				FF274A7B2027723300B3E0B2 /* NewWord.swift */,
				FF274A622027175200B3E0B2 /* Assets.xcassets */,
				FF274A642027175200B3E0B2 /* LaunchScreen.storyboard */,
				FF274A672027175200B3E0B2 /* Info.plist */,
			);
			path = NewWords;
			sourceTree = "<group>";
		};
		FF274A6F2027175200B3E0B2 /* NewWordsTests */ = {
			isa = PBXGroup;
			children = (
				FF274A702027175200B3E0B2 /* NewWordsTests.swift */,
				FF274A722027175200B3E0B2 /* Info.plist */,
			);
			path = NewWordsTests;
			sourceTree = "<group>";
		};
/* End PBXGroup section */

/* Begin PBXNativeTarget section */
		FF274A572027175200B3E0B2 /* NewWords */ = {
			isa = PBXNativeTarget;
			buildConfigurationList = FF274A752027175200B3E0B2 /* Build configuration list for PBXNativeTarget "NewWords" */;
			buildPhases = (
				634429A09A5900F161D25693 /* [CP] Check Pods Manifest.lock */,
				FF274A542027175200B3E0B2 /* Sources */,
				FF274A552027175200B3E0B2 /* Frameworks */,
				FF274A562027175200B3E0B2 /* Resources */,
				911C43EC51F758DA2072DEA6 /* [CP] Embed Pods Frameworks */,
				5324FD9C390BE0BE645D1453 /* [CP] Copy Pods Resources */,
			);
			buildRules = (
			);
			dependencies = (
			);
			name = NewWords;
			productName = NewWords;
			productReference = FF274A582027175200B3E0B2 /* NewWords.app */;
			productType = "com.apple.product-type.application";
		};
		FF274A6B2027175200B3E0B2 /* NewWordsTests */ = {
			isa = PBXNativeTarget;
			buildConfigurationList = FF274A782027175200B3E0B2 /* Build configuration list for PBXNativeTarget "NewWordsTests" */;
			buildPhases = (
				AF9BD9FB0132F191CDDBEB3E /* [CP] Check Pods Manifest.lock */,
				FF274A682027175200B3E0B2 /* Sources */,
				FF274A692027175200B3E0B2 /* Frameworks */,
				FF274A6A2027175200B3E0B2 /* Resources */,
				93654BE87B09C5658F14E492 /* [CP] Embed Pods Frameworks */,
				9EF3A349246DB55B4D2E286E /* [CP] Copy Pods Resources */,
			);
			buildRules = (
			);
			dependencies = (
				FF274A6E2027175200B3E0B2 /* PBXTargetDependency */,
			);
			name = NewWordsTests;
			productName = NewWordsTests;
			productReference = FF274A6C2027175200B3E0B2 /* NewWordsTests.xctest */;
			productType = "com.apple.product-type.bundle.unit-test";
		};
/* End PBXNativeTarget section */

/* Begin PBXProject section */
		FF274A502027175200B3E0B2 /* Project object */ = {
			isa = PBXProject;
			attributes = {
				LastSwiftUpdateCheck = 0910;
				LastUpgradeCheck = 0910;
				ORGANIZATIONNAME = "Gilles Cruchon";
				TargetAttributes = {
					FF274A572027175200B3E0B2 = {
						CreatedOnToolsVersion = 9.1;
						ProvisioningStyle = Automatic;
					};
					FF274A6B2027175200B3E0B2 = {
						CreatedOnToolsVersion = 9.1;
						ProvisioningStyle = Automatic;
						TestTargetID = FF274A572027175200B3E0B2;
					};
				};
			};
			buildConfigurationList = FF274A532027175200B3E0B2 /* Build configuration list for PBXProject "NewWords" */;
			compatibilityVersion = "Xcode 8.0";
			developmentRegion = en;
			hasScannedForEncodings = 0;
			knownRegions = (
				en,
				Base,
			);
			mainGroup = FF274A4F2027175200B3E0B2;
			productRefGroup = FF274A592027175200B3E0B2 /* Products */;
			projectDirPath = "";
			projectRoot = "";
			targets = (
				FF274A572027175200B3E0B2 /* NewWords */,
				FF274A6B2027175200B3E0B2 /* NewWordsTests */,
			);
		};
/* End PBXProject section */

/* Begin PBXResourcesBuildPhase section */
		FF274A562027175200B3E0B2 /* Resources */ = {
			isa = PBXResourcesBuildPhase;
			buildActionMask = 2147483647;
			files = (
				FF274A662027175200B3E0B2 /* LaunchScreen.storyboard in Resources */,
				FF274A632027175200B3E0B2 /* Assets.xcassets in Resources */,
				FF274A612027175200B3E0B2 /* Main.storyboard in Resources */,
			);
			runOnlyForDeploymentPostprocessing = 0;
		};
		FF274A6A2027175200B3E0B2 /* Resources */ = {
			isa = PBXResourcesBuildPhase;
			buildActionMask = 2147483647;
			files = (
			);
			runOnlyForDeploymentPostprocessing = 0;
		};
/* End PBXResourcesBuildPhase section */

/* Begin PBXShellScriptBuildPhase section */
		5324FD9C390BE0BE645D1453 /* [CP] Copy Pods Resources */ = {
			isa = PBXShellScriptBuildPhase;
			buildActionMask = 2147483647;
			files = (
			);
			inputPaths = (
			);
			name = "[CP] Copy Pods Resources";
			outputPaths = (
			);
			runOnlyForDeploymentPostprocessing = 0;
			shellPath = /bin/sh;
			shellScript = "\"${SRCROOT}/Pods/Target Support Files/Pods-NewWords/Pods-NewWords-resources.sh\"\n";
			showEnvVarsInLog = 0;
		};
		634429A09A5900F161D25693 /* [CP] Check Pods Manifest.lock */ = {
			isa = PBXShellScriptBuildPhase;
			buildActionMask = 2147483647;
			files = (
			);
			inputPaths = (
				"${PODS_PODFILE_DIR_PATH}/Podfile.lock",
				"${PODS_ROOT}/Manifest.lock",
			);
			name = "[CP] Check Pods Manifest.lock";
			outputPaths = (
				"$(DERIVED_FILE_DIR)/Pods-NewWords-checkManifestLockResult.txt",
			);
			runOnlyForDeploymentPostprocessing = 0;
			shellPath = /bin/sh;
			shellScript = "diff \"${PODS_PODFILE_DIR_PATH}/Podfile.lock\" \"${PODS_ROOT}/Manifest.lock\" > /dev/null\nif [ $? != 0 ] ; then\n    # print error to STDERR\n    echo \"error: The sandbox is not in sync with the Podfile.lock. Run 'pod install' or update your CocoaPods installation.\" >&2\n    exit 1\nfi\n# This output is used by Xcode 'outputs' to avoid re-running this script phase.\necho \"SUCCESS\" > \"${SCRIPT_OUTPUT_FILE_0}\"\n";
			showEnvVarsInLog = 0;
		};
		911C43EC51F758DA2072DEA6 /* [CP] Embed Pods Frameworks */ = {
			isa = PBXShellScriptBuildPhase;
			buildActionMask = 2147483647;
			files = (
			);
			inputPaths = (
				"${SRCROOT}/Pods/Target Support Files/Pods-NewWords/Pods-NewWords-frameworks.sh",
				"${BUILT_PRODUCTS_DIR}/SnapKit/SnapKit.framework",
			);
			name = "[CP] Embed Pods Frameworks";
			outputPaths = (
				"${TARGET_BUILD_DIR}/${FRAMEWORKS_FOLDER_PATH}/SnapKit.framework",
			);
			runOnlyForDeploymentPostprocessing = 0;
			shellPath = /bin/sh;
			shellScript = "\"${SRCROOT}/Pods/Target Support Files/Pods-NewWords/Pods-NewWords-frameworks.sh\"\n";
			showEnvVarsInLog = 0;
		};
		93654BE87B09C5658F14E492 /* [CP] Embed Pods Frameworks */ = {
			isa = PBXShellScriptBuildPhase;
			buildActionMask = 2147483647;
			files = (
			);
			inputPaths = (
			);
			name = "[CP] Embed Pods Frameworks";
			outputPaths = (
			);
			runOnlyForDeploymentPostprocessing = 0;
			shellPath = /bin/sh;
			shellScript = "\"${SRCROOT}/Pods/Target Support Files/Pods-NewWordsTests/Pods-NewWordsTests-frameworks.sh\"\n";
			showEnvVarsInLog = 0;
		};
		9EF3A349246DB55B4D2E286E /* [CP] Copy Pods Resources */ = {
			isa = PBXShellScriptBuildPhase;
			buildActionMask = 2147483647;
			files = (
			);
			inputPaths = (
			);
			name = "[CP] Copy Pods Resources";
			outputPaths = (
			);
			runOnlyForDeploymentPostprocessing = 0;
			shellPath = /bin/sh;
			shellScript = "\"${SRCROOT}/Pods/Target Support Files/Pods-NewWordsTests/Pods-NewWordsTests-resources.sh\"\n";
			showEnvVarsInLog = 0;
		};
		AF9BD9FB0132F191CDDBEB3E /* [CP] Check Pods Manifest.lock */ = {
			isa = PBXShellScriptBuildPhase;
			buildActionMask = 2147483647;
			files = (
			);
			inputPaths = (
				"${PODS_PODFILE_DIR_PATH}/Podfile.lock",
				"${PODS_ROOT}/Manifest.lock",
			);
			name = "[CP] Check Pods Manifest.lock";
			outputPaths = (
				"$(DERIVED_FILE_DIR)/Pods-NewWordsTests-checkManifestLockResult.txt",
			);
			runOnlyForDeploymentPostprocessing = 0;
			shellPath = /bin/sh;
			shellScript = "diff \"${PODS_PODFILE_DIR_PATH}/Podfile.lock\" \"${PODS_ROOT}/Manifest.lock\" > /dev/null\nif [ $? != 0 ] ; then\n    # print error to STDERR\n    echo \"error: The sandbox is not in sync with the Podfile.lock. Run 'pod install' or update your CocoaPods installation.\" >&2\n    exit 1\nfi\n# This output is used by Xcode 'outputs' to avoid re-running this script phase.\necho \"SUCCESS\" > \"${SCRIPT_OUTPUT_FILE_0}\"\n";
			showEnvVarsInLog = 0;
		};
/* End PBXShellScriptBuildPhase section */

/* Begin PBXSourcesBuildPhase section */
		FF274A542027175200B3E0B2 /* Sources */ = {
			isa = PBXSourcesBuildPhase;
			buildActionMask = 2147483647;
			files = (
				FF274A7C2027723300B3E0B2 /* NewWord.swift in Sources */,
				FF7F4267203E09EB00A82BEA /* WordTableViewCell.swift in Sources */,
				FF274A5E2027175200B3E0B2 /* NewWordViewController.swift in Sources */,
				FF274A802027802A00B3E0B2 /* NewWordTableViewController.swift in Sources */,
				FF274A5C2027175200B3E0B2 /* AppDelegate.swift in Sources */,
			);
			runOnlyForDeploymentPostprocessing = 0;
		};
		FF274A682027175200B3E0B2 /* Sources */ = {
			isa = PBXSourcesBuildPhase;
			buildActionMask = 2147483647;
			files = (
				FF274A712027175200B3E0B2 /* NewWordsTests.swift in Sources */,
			);
			runOnlyForDeploymentPostprocessing = 0;
		};
/* End PBXSourcesBuildPhase section */

/* Begin PBXTargetDependency section */
		FF274A6E2027175200B3E0B2 /* PBXTargetDependency */ = {
			isa = PBXTargetDependency;
			target = FF274A572027175200B3E0B2 /* NewWords */;
			targetProxy = FF274A6D2027175200B3E0B2 /* PBXContainerItemProxy */;
		};
/* End PBXTargetDependency section */

/* Begin PBXVariantGroup section */
		FF274A5F2027175200B3E0B2 /* Main.storyboard */ = {
			isa = PBXVariantGroup;
			children = (
				FF274A602027175200B3E0B2 /* Base */,
			);
			name = Main.storyboard;
			sourceTree = "<group>";
		};
		FF274A642027175200B3E0B2 /* LaunchScreen.storyboard */ = {
			isa = PBXVariantGroup;
			children = (
				FF274A652027175200B3E0B2 /* Base */,
			);
			name = LaunchScreen.storyboard;
			sourceTree = "<group>";
		};
/* End PBXVariantGroup section */

/* Begin XCBuildConfiguration section */
		FF274A732027175200B3E0B2 /* Debug */ = {
			isa = XCBuildConfiguration;
			buildSettings = {
				ALWAYS_SEARCH_USER_PATHS = NO;
				CLANG_ANALYZER_NONNULL = YES;
				CLANG_ANALYZER_NUMBER_OBJECT_CONVERSION = YES_AGGRESSIVE;
				CLANG_CXX_LANGUAGE_STANDARD = "gnu++14";
				CLANG_CXX_LIBRARY = "libc++";
				CLANG_ENABLE_MODULES = YES;
				CLANG_ENABLE_OBJC_ARC = YES;
				CLANG_WARN_BLOCK_CAPTURE_AUTORELEASING = YES;
				CLANG_WARN_BOOL_CONVERSION = YES;
				CLANG_WARN_COMMA = YES;
				CLANG_WARN_CONSTANT_CONVERSION = YES;
				CLANG_WARN_DIRECT_OBJC_ISA_USAGE = YES_ERROR;
				CLANG_WARN_DOCUMENTATION_COMMENTS = YES;
				CLANG_WARN_EMPTY_BODY = YES;
				CLANG_WARN_ENUM_CONVERSION = YES;
				CLANG_WARN_INFINITE_RECURSION = YES;
				CLANG_WARN_INT_CONVERSION = YES;
				CLANG_WARN_NON_LITERAL_NULL_CONVERSION = YES;
				CLANG_WARN_OBJC_LITERAL_CONVERSION = YES;
				CLANG_WARN_OBJC_ROOT_CLASS = YES_ERROR;
				CLANG_WARN_RANGE_LOOP_ANALYSIS = YES;
				CLANG_WARN_STRICT_PROTOTYPES = YES;
				CLANG_WARN_SUSPICIOUS_MOVE = YES;
				CLANG_WARN_UNGUARDED_AVAILABILITY = YES_AGGRESSIVE;
				CLANG_WARN_UNREACHABLE_CODE = YES;
				CLANG_WARN__DUPLICATE_METHOD_MATCH = YES;
				CODE_SIGN_IDENTITY = "iPhone Developer";
				COPY_PHASE_STRIP = NO;
				DEBUG_INFORMATION_FORMAT = dwarf;
				ENABLE_STRICT_OBJC_MSGSEND = YES;
				ENABLE_TESTABILITY = YES;
				GCC_C_LANGUAGE_STANDARD = gnu11;
				GCC_DYNAMIC_NO_PIC = NO;
				GCC_NO_COMMON_BLOCKS = YES;
				GCC_OPTIMIZATION_LEVEL = 0;
				GCC_PREPROCESSOR_DEFINITIONS = (
					"DEBUG=1",
					"$(inherited)",
				);
				GCC_WARN_64_TO_32_BIT_CONVERSION = YES;
				GCC_WARN_ABOUT_RETURN_TYPE = YES_ERROR;
				GCC_WARN_UNDECLARED_SELECTOR = YES;
				GCC_WARN_UNINITIALIZED_AUTOS = YES_AGGRESSIVE;
				GCC_WARN_UNUSED_FUNCTION = YES;
				GCC_WARN_UNUSED_VARIABLE = YES;
				IPHONEOS_DEPLOYMENT_TARGET = 11.1;
				MTL_ENABLE_DEBUG_INFO = YES;
				ONLY_ACTIVE_ARCH = YES;
				SDKROOT = iphoneos;
				SWIFT_ACTIVE_COMPILATION_CONDITIONS = DEBUG;
				SWIFT_OPTIMIZATION_LEVEL = "-Onone";
			};
			name = Debug;
		};
		FF274A742027175200B3E0B2 /* Release */ = {
			isa = XCBuildConfiguration;
			buildSettings = {
				ALWAYS_SEARCH_USER_PATHS = NO;
				CLANG_ANALYZER_NONNULL = YES;
				CLANG_ANALYZER_NUMBER_OBJECT_CONVERSION = YES_AGGRESSIVE;
				CLANG_CXX_LANGUAGE_STANDARD = "gnu++14";
				CLANG_CXX_LIBRARY = "libc++";
				CLANG_ENABLE_MODULES = YES;
				CLANG_ENABLE_OBJC_ARC = YES;
				CLANG_WARN_BLOCK_CAPTURE_AUTORELEASING = YES;
				CLANG_WARN_BOOL_CONVERSION = YES;
				CLANG_WARN_COMMA = YES;
				CLANG_WARN_CONSTANT_CONVERSION = YES;
				CLANG_WARN_DIRECT_OBJC_ISA_USAGE = YES_ERROR;
				CLANG_WARN_DOCUMENTATION_COMMENTS = YES;
				CLANG_WARN_EMPTY_BODY = YES;
				CLANG_WARN_ENUM_CONVERSION = YES;
				CLANG_WARN_INFINITE_RECURSION = YES;
				CLANG_WARN_INT_CONVERSION = YES;
				CLANG_WARN_NON_LITERAL_NULL_CONVERSION = YES;
				CLANG_WARN_OBJC_LITERAL_CONVERSION = YES;
				CLANG_WARN_OBJC_ROOT_CLASS = YES_ERROR;
				CLANG_WARN_RANGE_LOOP_ANALYSIS = YES;
				CLANG_WARN_STRICT_PROTOTYPES = YES;
				CLANG_WARN_SUSPICIOUS_MOVE = YES;
				CLANG_WARN_UNGUARDED_AVAILABILITY = YES_AGGRESSIVE;
				CLANG_WARN_UNREACHABLE_CODE = YES;
				CLANG_WARN__DUPLICATE_METHOD_MATCH = YES;
				CODE_SIGN_IDENTITY = "iPhone Developer";
				COPY_PHASE_STRIP = NO;
				DEBUG_INFORMATION_FORMAT = "dwarf-with-dsym";
				ENABLE_NS_ASSERTIONS = NO;
				ENABLE_STRICT_OBJC_MSGSEND = YES;
				GCC_C_LANGUAGE_STANDARD = gnu11;
				GCC_NO_COMMON_BLOCKS = YES;
				GCC_WARN_64_TO_32_BIT_CONVERSION = YES;
				GCC_WARN_ABOUT_RETURN_TYPE = YES_ERROR;
				GCC_WARN_UNDECLARED_SELECTOR = YES;
				GCC_WARN_UNINITIALIZED_AUTOS = YES_AGGRESSIVE;
				GCC_WARN_UNUSED_FUNCTION = YES;
				GCC_WARN_UNUSED_VARIABLE = YES;
				IPHONEOS_DEPLOYMENT_TARGET = 11.1;
				MTL_ENABLE_DEBUG_INFO = NO;
				SDKROOT = iphoneos;
				SWIFT_OPTIMIZATION_LEVEL = "-Owholemodule";
				VALIDATE_PRODUCT = YES;
			};
			name = Release;
		};
		FF274A762027175200B3E0B2 /* Debug */ = {
			isa = XCBuildConfiguration;
			baseConfigurationReference = 8A1839C3B7480C1F9703858E /* Pods-NewWords.debug.xcconfig */;
			buildSettings = {
				ASSETCATALOG_COMPILER_APPICON_NAME = AppIcon;
				CODE_SIGN_STYLE = Automatic;
				INFOPLIST_FILE = NewWords/Info.plist;
				LD_RUNPATH_SEARCH_PATHS = "$(inherited) @executable_path/Frameworks";
				PRODUCT_BUNDLE_IDENTIFIER = info.cruchon.NewWords;
				PRODUCT_NAME = "$(TARGET_NAME)";
				SWIFT_VERSION = 4.0;
				TARGETED_DEVICE_FAMILY = "1,2";
			};
			name = Debug;
		};
		FF274A772027175200B3E0B2 /* Release */ = {
			isa = XCBuildConfiguration;
			baseConfigurationReference = 94EC608545B20508ACC11AB6 /* Pods-NewWords.release.xcconfig */;
			buildSettings = {
				ASSETCATALOG_COMPILER_APPICON_NAME = AppIcon;
				CODE_SIGN_STYLE = Automatic;
				INFOPLIST_FILE = NewWords/Info.plist;
				LD_RUNPATH_SEARCH_PATHS = "$(inherited) @executable_path/Frameworks";
				PRODUCT_BUNDLE_IDENTIFIER = info.cruchon.NewWords;
				PRODUCT_NAME = "$(TARGET_NAME)";
				SWIFT_VERSION = 4.0;
				TARGETED_DEVICE_FAMILY = "1,2";
			};
			name = Release;
		};
		FF274A792027175200B3E0B2 /* Debug */ = {
			isa = XCBuildConfiguration;
			baseConfigurationReference = 861CD4EFCC055CC1066ABF49 /* Pods-NewWordsTests.debug.xcconfig */;
			buildSettings = {
				ALWAYS_EMBED_SWIFT_STANDARD_LIBRARIES = YES;
				BUNDLE_LOADER = "$(TEST_HOST)";
				CODE_SIGN_STYLE = Automatic;
				INFOPLIST_FILE = NewWordsTests/Info.plist;
				LD_RUNPATH_SEARCH_PATHS = "$(inherited) @executable_path/Frameworks @loader_path/Frameworks";
				PRODUCT_BUNDLE_IDENTIFIER = info.cruchon.NewWordsTests;
				PRODUCT_NAME = "$(TARGET_NAME)";
				SWIFT_VERSION = 4.0;
				TARGETED_DEVICE_FAMILY = "1,2";
				TEST_HOST = "$(BUILT_PRODUCTS_DIR)/NewWords.app/NewWords";
			};
			name = Debug;
		};
		FF274A7A2027175200B3E0B2 /* Release */ = {
			isa = XCBuildConfiguration;
			baseConfigurationReference = 8A92ED9EE205F5B98366E8EA /* Pods-NewWordsTests.release.xcconfig */;
			buildSettings = {
				ALWAYS_EMBED_SWIFT_STANDARD_LIBRARIES = YES;
				BUNDLE_LOADER = "$(TEST_HOST)";
				CODE_SIGN_STYLE = Automatic;
				INFOPLIST_FILE = NewWordsTests/Info.plist;
				LD_RUNPATH_SEARCH_PATHS = "$(inherited) @executable_path/Frameworks @loader_path/Frameworks";
				PRODUCT_BUNDLE_IDENTIFIER = info.cruchon.NewWordsTests;
				PRODUCT_NAME = "$(TARGET_NAME)";
				SWIFT_VERSION = 4.0;
				TARGETED_DEVICE_FAMILY = "1,2";
				TEST_HOST = "$(BUILT_PRODUCTS_DIR)/NewWords.app/NewWords";
			};
			name = Release;
		};
/* End XCBuildConfiguration section */

/* Begin XCConfigurationList section */
		FF274A532027175200B3E0B2 /* Build configuration list for PBXProject "NewWords" */ = {
			isa = XCConfigurationList;
			buildConfigurations = (
				FF274A732027175200B3E0B2 /* Debug */,
				FF274A742027175200B3E0B2 /* Release */,
			);
			defaultConfigurationIsVisible = 0;
			defaultConfigurationName = Release;
		};
		FF274A752027175200B3E0B2 /* Build configuration list for PBXNativeTarget "NewWords" */ = {
			isa = XCConfigurationList;
			buildConfigurations = (
				FF274A762027175200B3E0B2 /* Debug */,
				FF274A772027175200B3E0B2 /* Release */,
			);
			defaultConfigurationIsVisible = 0;
			defaultConfigurationName = Release;
		};
		FF274A782027175200B3E0B2 /* Build configuration list for PBXNativeTarget "NewWordsTests" */ = {
			isa = XCConfigurationList;
			buildConfigurations = (
				FF274A792027175200B3E0B2 /* Debug */,
				FF274A7A2027175200B3E0B2 /* Release */,
			);
			defaultConfigurationIsVisible = 0;
			defaultConfigurationName = Release;
		};
/* End XCConfigurationList section */
	};
	rootObject = FF274A502027175200B3E0B2 /* Project object */;
}
